Microsoft Visual Studio Solution File, Format Version 12.00
# Visual Studio Version 17
VisualStudioVersion = 17.5.2.0
MinimumVisualStudioVersion = 10.0.40219.1
Project("{FAE04EC0-301F-11D3-BF4B-00C04F79EFBC}") = "Janice.Core", "Janice.Core\Janice.Core.csproj", "{7CFC51F1-C518-307D-59BD-9FDA69C3D225}"
EndProject
Project("{FAE04EC0-301F-11D3-BF4B-00C04F79EFBC}") = "Janice.Gui", "Janice.Gui\Janice.Gui.csproj", "{CA2A54AA-56FC-E9C0-6A3A-4CD4143E44AF}"
EndProject
Project("{FAE04EC0-301F-11D3-BF4B-00C04F79EFBC}") = "Janice.CLI", "Janice.CLI\Janice.CLI.csproj", "{B605CCB9-9E29-0CE8-13D0-702DA2902093}"
EndProject
Global
	GlobalSection(SolutionConfigurationPlatforms) = preSolution
		Debug|Any CPU = Debug|Any CPU
		Release|Any CPU = Release|Any CPU
	EndGlobalSection
	GlobalSection(ProjectConfigurationPlatforms) = postSolution
		{7CFC51F1-C518-307D-59BD-9FDA69C3D225}.Debug|Any CPU.ActiveCfg = Debug|Any CPU
		{7CFC51F1-C518-307D-59BD-9FDA69C3D225}.Debug|Any CPU.Build.0 = Debug|Any CPU
		{7CFC51F1-C518-307D-59BD-9FDA69C3D225}.Release|Any CPU.ActiveCfg = Release|Any CPU
		{7CFC51F1-C518-307D-59BD-9FDA69C3D225}.Release|Any CPU.Build.0 = Release|Any CPU
		{CA2A54AA-56FC-E9C0-6A3A-4CD4143E44AF}.Debug|Any CPU.ActiveCfg = Debug|Any CPU
		{CA2A54AA-56FC-E9C0-6A3A-4CD4143E44AF}.Debug|Any CPU.Build.0 = Debug|Any CPU
		{CA2A54AA-56FC-E9C0-6A3A-4CD4143E44AF}.Release|Any CPU.ActiveCfg = Release|Any CPU
		{CA2A54AA-56FC-E9C0-6A3A-4CD4143E44AF}.Release|Any CPU.Build.0 = Release|Any CPU
		{B605CCB9-9E29-0CE8-13D0-702DA2902093}.Debug|Any CPU.ActiveCfg = Debug|Any CPU
		{B605CCB9-9E29-0CE8-13D0-702DA2902093}.Debug|Any CPU.Build.0 = Debug|Any CPU
		{B605CCB9-9E29-0CE8-13D0-702DA2902093}.Release|Any CPU.ActiveCfg = Release|Any CPU
		{B605CCB9-9E29-0CE8-13D0-702DA2902093}.Release|Any CPU.Build.0 = Release|Any CPU
	EndGlobalSection
	GlobalSection(SolutionProperties) = preSolution
		HideSolutionNode = FALSE
	EndGlobalSection
	GlobalSection(ExtensibilityGlobals) = postSolution
		SolutionGuid = {F51AE731-49C3-4604-B2F7-6B5DEE12610B}
	EndGlobalSection
EndGlobal
